{
  "name": "tests",
  "lockfileVersion": 3,
  "requires": true,
  "packages": {
    "": {
      "dependencies": {
        "animejs": "^4.3.5",
        "three": "^0.182.0"
      }
    },
    "node_modules/animejs": {
      "version": "4.3.5",
      "resolved": "https://registry.npmjs.org/animejs/-/animejs-4.3.5.tgz",
      "integrity": "sha512-yuQo/r97TCE+DDu3dTRKjyhBKSEGBcZorWeRW7WCE7EkAQpBoNd2E82dAAD/MDdrbREv7qsw/u7MAqiUX544WQ==",
      "license": "MIT",
      "funding": {
        "type": "github",
        "url": "https://github.com/sponsors/juliangarnier"
      }
    },
    "node_modules/three": {
      "version": "0.182.0",
      "resolved": "https://registry.npmjs.org/three/-/three-0.182.0.tgz",
      "integrity": "sha512-GbHabT+Irv+ihI1/f5kIIsZ+Ef9Sl5A1Y7imvS5RQjWgtTPfPnZ43JmlYI7NtCRDK9zir20lQpfg8/9Yd02OvQ==",
      "license": "MIT"
    }
  }
}
